// !$*UTF8*$!
{
	archiveVersion = 1;
	classes = {
	};
	objectVersion = 56;
	objects = {

/* Begin PBXBuildFile section */
		AA6D5A9A5545BBF9AA0FFC8B /* Pods_Converter.framework in Frameworks */ = {isa = PBXBuildFile; fileRef = B2BE12C4630E9D88FFE03206 /* Pods_Converter.framework */; };
		E41F8B772A31F1790077379B /* AppDelegate.swift in Sources */ = {isa = PBXBuildFile; fileRef = E41F8B762A31F1790077379B /* AppDelegate.swift */; };
		E41F8B792A31F1790077379B /* SceneDelegate.swift in Sources */ = {isa = PBXBuildFile; fileRef = E41F8B782A31F1790077379B /* SceneDelegate.swift */; };
		E41F8B7E2A31F1790077379B /* Main.storyboard in Resources */ = {isa = PBXBuildFile; fileRef = E41F8B7C2A31F1790077379B /* Main.storyboard */; };
		E41F8B802A31F17A0077379B /* Assets.xcassets in Resources */ = {isa = PBXBuildFile; fileRef = E41F8B7F2A31F17A0077379B /* Assets.xcassets */; };
		E41F8B832A31F17A0077379B /* LaunchScreen.storyboard in Resources */ = {isa = PBXBuildFile; fileRef = E41F8B812A31F17A0077379B /* LaunchScreen.storyboard */; };
		E41F8B8D2A31F2920077379B /* AppConfigurator.swift in Sources */ = {isa = PBXBuildFile; fileRef = E41F8B8C2A31F2920077379B /* AppConfigurator.swift */; };
		E41F8B8F2A31F2AD0077379B /* Coordinator.swift in Sources */ = {isa = PBXBuildFile; fileRef = E41F8B8E2A31F2AD0077379B /* Coordinator.swift */; };
		E41F8B912A31F2DA0077379B /* ScreensCoordinator.swift in Sources */ = {isa = PBXBuildFile; fileRef = E41F8B902A31F2DA0077379B /* ScreensCoordinator.swift */; };
		E41F8B932A31F3410077379B /* StoryboardLoadable.swift in Sources */ = {isa = PBXBuildFile; fileRef = E41F8B922A31F3410077379B /* StoryboardLoadable.swift */; };
		E41F8B962A31F38A0077379B /* ConverterView.swift in Sources */ = {isa = PBXBuildFile; fileRef = E41F8B952A31F38A0077379B /* ConverterView.swift */; };
		E41F8B982A31F3950077379B /* ConverterViewController.swift in Sources */ = {isa = PBXBuildFile; fileRef = E41F8B972A31F3950077379B /* ConverterViewController.swift */; };
		E41F8B9A2A31F3A30077379B /* ConverterModel.swift in Sources */ = {isa = PBXBuildFile; fileRef = E41F8B992A31F3A30077379B /* ConverterModel.swift */; };
		E41F8B9D2A31FD780077379B /* NetworkManager.swift in Sources */ = {isa = PBXBuildFile; fileRef = E41F8B9C2A31FD780077379B /* NetworkManager.swift */; };
		E41F8B9F2A31FF560077379B /* ConverterResponseData.swift in Sources */ = {isa = PBXBuildFile; fileRef = E41F8B9E2A31FF560077379B /* ConverterResponseData.swift */; };
		E41F8BA12A3200390077379B /* ConverterData.swift in Sources */ = {isa = PBXBuildFile; fileRef = E41F8BA02A3200390077379B /* ConverterData.swift */; };
		E41F8BA32A3200B50077379B /* Date+Local.swift in Sources */ = {isa = PBXBuildFile; fileRef = E41F8BA22A3200B50077379B /* Date+Local.swift */; };
		E41F8BA52A3201290077379B /* LocalDateFormats.swift in Sources */ = {isa = PBXBuildFile; fileRef = E41F8BA42A3201290077379B /* LocalDateFormats.swift */; };
		E41F8BA72A321C3F0077379B /* EnumPickerDelegate.swift in Sources */ = {isa = PBXBuildFile; fileRef = E41F8BA62A321C3F0077379B /* EnumPickerDelegate.swift */; };
		E41F8BA92A3220040077379B /* Colors.swift in Sources */ = {isa = PBXBuildFile; fileRef = E41F8BA82A3220040077379B /* Colors.swift */; };
		E41F8BB22A36F01A0077379B /* Access.swift in Sources */ = {isa = PBXBuildFile; fileRef = E41F8BB12A36F01A0077379B /* Access.swift */; };
		E41F8BC22A39A2510077379B /* Fonts.swift in Sources */ = {isa = PBXBuildFile; fileRef = E41F8BC12A39A2510077379B /* Fonts.swift */; };
		E41F8BC42A39A2990077379B /* knewave.ttf in Resources */ = {isa = PBXBuildFile; fileRef = E41F8BC32A39A2990077379B /* knewave.ttf */; };
		E41F8BC82A39A3820077379B /* UILabel+.swift in Sources */ = {isa = PBXBuildFile; fileRef = E41F8BC72A39A3820077379B /* UILabel+.swift */; };
		E4EE72672A39DAAF00639787 /* Keys.plist in Resources */ = {isa = PBXBuildFile; fileRef = E4EE72662A39DAAF00639787 /* Keys.plist */; };
/* End PBXBuildFile section */

/* Begin PBXFileReference section */
		4F314229C2B5303206F7ED34 /* Pods-Converter.debug.xcconfig */ = {isa = PBXFileReference; includeInIndex = 1; lastKnownFileType = text.xcconfig; name = "Pods-Converter.debug.xcconfig"; path = "Target Support Files/Pods-Converter/Pods-Converter.debug.xcconfig"; sourceTree = "<group>"; };
		8F0A031B704AB361B60A8F0E /* Pods-Converter.release.xcconfig */ = {isa = PBXFileReference; includeInIndex = 1; lastKnownFileType = text.xcconfig; name = "Pods-Converter.release.xcconfig"; path = "Target Support Files/Pods-Converter/Pods-Converter.release.xcconfig"; sourceTree = "<group>"; };
		B2BE12C4630E9D88FFE03206 /* Pods_Converter.framework */ = {isa = PBXFileReference; explicitFileType = wrapper.framework; includeInIndex = 0; path = Pods_Converter.framework; sourceTree = BUILT_PRODUCTS_DIR; };
		E41F8B732A31F1790077379B /* Converter.app */ = {isa = PBXFileReference; explicitFileType = wrapper.application; includeInIndex = 0; path = Converter.app; sourceTree = BUILT_PRODUCTS_DIR; };
		E41F8B762A31F1790077379B /* AppDelegate.swift */ = {isa = PBXFileReference; lastKnownFileType = sourcecode.swift; path = AppDelegate.swift; sourceTree = "<group>"; };
		E41F8B782A31F1790077379B /* SceneDelegate.swift */ = {isa = PBXFileReference; lastKnownFileType = sourcecode.swift; path = SceneDelegate.swift; sourceTree = "<group>"; };
		E41F8B7D2A31F1790077379B /* Base */ = {isa = PBXFileReference; lastKnownFileType = file.storyboard; name = Base; path = Base.lproj/Main.storyboard; sourceTree = "<group>"; };
		E41F8B7F2A31F17A0077379B /* Assets.xcassets */ = {isa = PBXFileReference; lastKnownFileType = folder.assetcatalog; path = Assets.xcassets; sourceTree = "<group>"; };
		E41F8B822A31F17A0077379B /* Base */ = {isa = PBXFileReference; lastKnownFileType = file.storyboard; name = Base; path = Base.lproj/LaunchScreen.storyboard; sourceTree = "<group>"; };
		E41F8B842A31F17A0077379B /* Info.plist */ = {isa = PBXFileReference; lastKnownFileType = text.plist.xml; path = Info.plist; sourceTree = "<group>"; };
		E41F8B8C2A31F2920077379B /* AppConfigurator.swift */ = {isa = PBXFileReference; lastKnownFileType = sourcecode.swift; path = AppConfigurator.swift; sourceTree = "<group>"; };
		E41F8B8E2A31F2AD0077379B /* Coordinator.swift */ = {isa = PBXFileReference; lastKnownFileType = sourcecode.swift; path = Coordinator.swift; sourceTree = "<group>"; };
		E41F8B902A31F2DA0077379B /* ScreensCoordinator.swift */ = {isa = PBXFileReference; lastKnownFileType = sourcecode.swift; path = ScreensCoordinator.swift; sourceTree = "<group>"; };
		E41F8B922A31F3410077379B /* StoryboardLoadable.swift */ = {isa = PBXFileReference; lastKnownFileType = sourcecode.swift; path = StoryboardLoadable.swift; sourceTree = "<group>"; };
		E41F8B952A31F38A0077379B /* ConverterView.swift */ = {isa = PBXFileReference; lastKnownFileType = sourcecode.swift; path = ConverterView.swift; sourceTree = "<group>"; };
		E41F8B972A31F3950077379B /* ConverterViewController.swift */ = {isa = PBXFileReference; lastKnownFileType = sourcecode.swift; path = ConverterViewController.swift; sourceTree = "<group>"; };
		E41F8B992A31F3A30077379B /* ConverterModel.swift */ = {isa = PBXFileReference; lastKnownFileType = sourcecode.swift; path = ConverterModel.swift; sourceTree = "<group>"; };
		E41F8B9C2A31FD780077379B /* NetworkManager.swift */ = {isa = PBXFileReference; lastKnownFileType = sourcecode.swift; path = NetworkManager.swift; sourceTree = "<group>"; };
		E41F8B9E2A31FF560077379B /* ConverterResponseData.swift */ = {isa = PBXFileReference; lastKnownFileType = sourcecode.swift; path = ConverterResponseData.swift; sourceTree = "<group>"; };
		E41F8BA02A3200390077379B /* ConverterData.swift */ = {isa = PBXFileReference; lastKnownFileType = sourcecode.swift; path = ConverterData.swift; sourceTree = "<group>"; };
		E41F8BA22A3200B50077379B /* Date+Local.swift */ = {isa = PBXFileReference; lastKnownFileType = sourcecode.swift; path = "Date+Local.swift"; sourceTree = "<group>"; };
		E41F8BA42A3201290077379B /* LocalDateFormats.swift */ = {isa = PBXFileReference; lastKnownFileType = sourcecode.swift; path = LocalDateFormats.swift; sourceTree = "<group>"; };
		E41F8BA62A321C3F0077379B /* EnumPickerDelegate.swift */ = {isa = PBXFileReference; lastKnownFileType = sourcecode.swift; path = EnumPickerDelegate.swift; sourceTree = "<group>"; };
		E41F8BA82A3220040077379B /* Colors.swift */ = {isa = PBXFileReference; lastKnownFileType = sourcecode.swift; path = Colors.swift; sourceTree = "<group>"; };
		E41F8BB12A36F01A0077379B /* Access.swift */ = {isa = PBXFileReference; lastKnownFileType = sourcecode.swift; path = Access.swift; sourceTree = "<group>"; };
		E41F8BB72A37106D0077379B /* MyPlayground.playground */ = {isa = PBXFileReference; lastKnownFileType = file.playground; path = MyPlayground.playground; sourceTree = "<group>"; xcLanguageSpecificationIdentifier = xcode.lang.swift; };
		E41F8BC12A39A2510077379B /* Fonts.swift */ = {isa = PBXFileReference; lastKnownFileType = sourcecode.swift; path = Fonts.swift; sourceTree = "<group>"; };
		E41F8BC32A39A2990077379B /* knewave.ttf */ = {isa = PBXFileReference; lastKnownFileType = file; path = knewave.ttf; sourceTree = "<group>"; };
		E41F8BC72A39A3820077379B /* UILabel+.swift */ = {isa = PBXFileReference; lastKnownFileType = sourcecode.swift; path = "UILabel+.swift"; sourceTree = "<group>"; };
		E4EE72662A39DAAF00639787 /* Keys.plist */ = {isa = PBXFileReference; lastKnownFileType = text.plist.xml; path = Keys.plist; sourceTree = "<group>"; };
/* End PBXFileReference section */

/* Begin PBXFrameworksBuildPhase section */
		E41F8B702A31F1790077379B /* Frameworks */ = {
			isa = PBXFrameworksBuildPhase;
			buildActionMask = 2147483647;
			files = (
				AA6D5A9A5545BBF9AA0FFC8B /* Pods_Converter.framework in Frameworks */,
			);
			runOnlyForDeploymentPostprocessing = 0;
		};
/* End PBXFrameworksBuildPhase section */

/* Begin PBXGroup section */
		62123AE1A5E68318DCA03FB0 /* Pods */ = {
			isa = PBXGroup;
			children = (
				4F314229C2B5303206F7ED34 /* Pods-Converter.debug.xcconfig */,
				8F0A031B704AB361B60A8F0E /* Pods-Converter.release.xcconfig */,
			);
			path = Pods;
			sourceTree = "<group>";
		};
		679AC9389DD788F25311AAEC /* Frameworks */ = {
			isa = PBXGroup;
			children = (
				B2BE12C4630E9D88FFE03206 /* Pods_Converter.framework */,
			);
			name = Frameworks;
			sourceTree = "<group>";
		};
		E41F8B6A2A31F1790077379B = {
			isa = PBXGroup;
			children = (
				E41F8BB72A37106D0077379B /* MyPlayground.playground */,
				E41F8B752A31F1790077379B /* Converter */,
				E41F8B742A31F1790077379B /* Products */,
				62123AE1A5E68318DCA03FB0 /* Pods */,
				679AC9389DD788F25311AAEC /* Frameworks */,
			);
			sourceTree = "<group>";
		};
		E41F8B742A31F1790077379B /* Products */ = {
			isa = PBXGroup;
			children = (
				E41F8B732A31F1790077379B /* Converter.app */,
			);
			name = Products;
			sourceTree = "<group>";
		};
		E41F8B752A31F1790077379B /* Converter */ = {
			isa = PBXGroup;
			children = (
				E41F8B9B2A31FD670077379B /* Menegers */,
				E41F8B942A31F3660077379B /* Converter */,
				E41F8B8B2A31F27D0077379B /* Coordinator */,
				E41F8B8A2A31F2040077379B /* App */,
				E41F8BC52A39A2F90077379B /* Settings */,
				E41F8BC62A39A3420077379B /* Extensions */,
				E41F8B7C2A31F1790077379B /* Main.storyboard */,
				E41F8B7F2A31F17A0077379B /* Assets.xcassets */,
				E41F8B812A31F17A0077379B /* LaunchScreen.storyboard */,
				E41F8B842A31F17A0077379B /* Info.plist */,
			);
			path = Converter;
			sourceTree = "<group>";
		};
		E41F8B8A2A31F2040077379B /* App */ = {
			isa = PBXGroup;
			children = (
				E41F8B762A31F1790077379B /* AppDelegate.swift */,
				E41F8B782A31F1790077379B /* SceneDelegate.swift */,
			);
			path = App;
			sourceTree = "<group>";
		};
		E41F8B8B2A31F27D0077379B /* Coordinator */ = {
			isa = PBXGroup;
			children = (
				E41F8B8C2A31F2920077379B /* AppConfigurator.swift */,
				E41F8B8E2A31F2AD0077379B /* Coordinator.swift */,
				E41F8B902A31F2DA0077379B /* ScreensCoordinator.swift */,
				E41F8B922A31F3410077379B /* StoryboardLoadable.swift */,
			);
			path = Coordinator;
			sourceTree = "<group>";
		};
		E41F8B942A31F3660077379B /* Converter */ = {
			isa = PBXGroup;
			children = (
				E41F8B972A31F3950077379B /* ConverterViewController.swift */,
				E41F8B952A31F38A0077379B /* ConverterView.swift */,
				E41F8B992A31F3A30077379B /* ConverterModel.swift */,
				E41F8BA62A321C3F0077379B /* EnumPickerDelegate.swift */,
				E41F8BA02A3200390077379B /* ConverterData.swift */,
			);
			path = Converter;
			sourceTree = "<group>";
		};
		E41F8B9B2A31FD670077379B /* Menegers */ = {
			isa = PBXGroup;
			children = (
				E41F8B9C2A31FD780077379B /* NetworkManager.swift */,
				E41F8B9E2A31FF560077379B /* ConverterResponseData.swift */,
				E41F8BB12A36F01A0077379B /* Access.swift */,
				E4EE72662A39DAAF00639787 /* Keys.plist */,
			);
			path = Menegers;
			sourceTree = "<group>";
		};
		E41F8BC52A39A2F90077379B /* Settings */ = {
			isa = PBXGroup;
			children = (
				E41F8BA22A3200B50077379B /* Date+Local.swift */,
				E41F8BA42A3201290077379B /* LocalDateFormats.swift */,
				E41F8BA82A3220040077379B /* Colors.swift */,
				E41F8BC12A39A2510077379B /* Fonts.swift */,
				E41F8BC32A39A2990077379B /* knewave.ttf */,
			);
			path = Settings;
			sourceTree = "<group>";
		};
		E41F8BC62A39A3420077379B /* Extensions */ = {
			isa = PBXGroup;
			children = (
				E41F8BC72A39A3820077379B /* UILabel+.swift */,
			);
			path = Extensions;
			sourceTree = "<group>";
		};
/* End PBXGroup section */

/* Begin PBXNativeTarget section */
		E41F8B722A31F1790077379B /* Converter */ = {
			isa = PBXNativeTarget;
			buildConfigurationList = E41F8B872A31F17A0077379B /* Build configuration list for PBXNativeTarget "Converter" */;
			buildPhases = (
				57D536EF1A789C70F4855E4F /* [CP] Check Pods Manifest.lock */,
				E41F8B6F2A31F1790077379B /* Sources */,
				E41F8B702A31F1790077379B /* Frameworks */,
				E41F8B712A31F1790077379B /* Resources */,
				ECC685CBF01DBCE5853D87EF /* [CP] Embed Pods Frameworks */,
			);
			buildRules = (
			);
			dependencies = (
			);
			name = Converter;
			productName = Converter;
			productReference = E41F8B732A31F1790077379B /* Converter.app */;
			productType = "com.apple.product-type.application";
		};
/* End PBXNativeTarget section */

/* Begin PBXProject section */
		E41F8B6B2A31F1790077379B /* Project object */ = {
			isa = PBXProject;
			attributes = {
				BuildIndependentTargetsInParallel = 1;
				LastSwiftUpdateCheck = 1430;
				LastUpgradeCheck = 1430;
				TargetAttributes = {
					E41F8B722A31F1790077379B = {
						CreatedOnToolsVersion = 14.3;
					};
				};
			};
			buildConfigurationList = E41F8B6E2A31F1790077379B /* Build configuration list for PBXProject "Converter" */;
			compatibilityVersion = "Xcode 14.0";
			developmentRegion = en;
			hasScannedForEncodings = 0;
			knownRegions = (
				en,
				Base,
			);
			mainGroup = E41F8B6A2A31F1790077379B;
			productRefGroup = E41F8B742A31F1790077379B /* Products */;
			projectDirPath = "";
			projectRoot = "";
			targets = (
				E41F8B722A31F1790077379B /* Converter */,
			);
		};
/* End PBXProject section */

/* Begin PBXResourcesBuildPhase section */
		E41F8B712A31F1790077379B /* Resources */ = {
			isa = PBXResourcesBuildPhase;
			buildActionMask = 2147483647;
			files = (
				E41F8B832A31F17A0077379B /* LaunchScreen.storyboard in Resources */,
				E41F8BC42A39A2990077379B /* knewave.ttf in Resources */,
				E41F8B802A31F17A0077379B /* Assets.xcassets in Resources */,
				E41F8B7E2A31F1790077379B /* Main.storyboard in Resources */,
				E4EE72672A39DAAF00639787 /* Keys.plist in Resources */,
			);
			runOnlyForDeploymentPostprocessing = 0;
		};
/* End PBXResourcesBuildPhase section */

/* Begin PBXShellScriptBuildPhase section */
		57D536EF1A789C70F4855E4F /* [CP] Check Pods Manifest.lock */ = {
			isa = PBXShellScriptBuildPhase;
			buildActionMask = 2147483647;
			files = (
			);
			inputFileListPaths = (
			);
			inputPaths = (
				"${PODS_PODFILE_DIR_PATH}/Podfile.lock",
				"${PODS_ROOT}/Manifest.lock",
			);
			name = "[CP] Check Pods Manifest.lock";
			outputFileListPaths = (
			);
			outputPaths = (
				"$(DERIVED_FILE_DIR)/Pods-Converter-checkManifestLockResult.txt",
			);
			runOnlyForDeploymentPostprocessing = 0;
			shellPath = /bin/sh;
			shellScript = "diff \"${PODS_PODFILE_DIR_PATH}/Podfile.lock\" \"${PODS_ROOT}/Manifest.lock\" > /dev/null\nif [ $? != 0 ] ; then\n    # print error to STDERR\n    echo \"error: The sandbox is not in sync with the Podfile.lock. Run 'pod install' or update your CocoaPods installation.\" >&2\n    exit 1\nfi\n# This output is used by Xcode 'outputs' to avoid re-running this script phase.\necho \"SUCCESS\" > \"${SCRIPT_OUTPUT_FILE_0}\"\n";
			showEnvVarsInLog = 0;
		};
		ECC685CBF01DBCE5853D87EF /* [CP] Embed Pods Frameworks */ = {
			isa = PBXShellScriptBuildPhase;
			buildActionMask = 2147483647;
			files = (
			);
			inputFileListPaths = (
				"${PODS_ROOT}/Target Support Files/Pods-Converter/Pods-Converter-frameworks-${CONFIGURATION}-input-files.xcfilelist",
			);
			name = "[CP] Embed Pods Frameworks";
			outputFileListPaths = (
				"${PODS_ROOT}/Target Support Files/Pods-Converter/Pods-Converter-frameworks-${CONFIGURATION}-output-files.xcfilelist",
			);
			runOnlyForDeploymentPostprocessing = 0;
			shellPath = /bin/sh;
			shellScript = "\"${PODS_ROOT}/Target Support Files/Pods-Converter/Pods-Converter-frameworks.sh\"\n";
			showEnvVarsInLog = 0;
		};
/* End PBXShellScriptBuildPhase section */

/* Begin PBXSourcesBuildPhase section */
		E41F8B6F2A31F1790077379B /* Sources */ = {
			isa = PBXSourcesBuildPhase;
			buildActionMask = 2147483647;
			files = (
				E41F8B8D2A31F2920077379B /* AppConfigurator.swift in Sources */,
				E41F8BA72A321C3F0077379B /* EnumPickerDelegate.swift in Sources */,
				E41F8B962A31F38A0077379B /* ConverterView.swift in Sources */,
				E41F8BA92A3220040077379B /* Colors.swift in Sources */,
				E41F8B932A31F3410077379B /* StoryboardLoadable.swift in Sources */,
				E41F8BC82A39A3820077379B /* UILabel+.swift in Sources */,
				E41F8B9D2A31FD780077379B /* NetworkManager.swift in Sources */,
				E41F8B8F2A31F2AD0077379B /* Coordinator.swift in Sources */,
				E41F8BA12A3200390077379B /* ConverterData.swift in Sources */,
				E41F8BA32A3200B50077379B /* Date+Local.swift in Sources */,
				E41F8B772A31F1790077379B /* AppDelegate.swift in Sources */,
				E41F8BB22A36F01A0077379B /* Access.swift in Sources */,
				E41F8B9A2A31F3A30077379B /* ConverterModel.swift in Sources */,
				E41F8B9F2A31FF560077379B /* ConverterResponseData.swift in Sources */,
				E41F8B912A31F2DA0077379B /* ScreensCoordinator.swift in Sources */,
				E41F8BA52A3201290077379B /* LocalDateFormats.swift in Sources */,
				E41F8B792A31F1790077379B /* SceneDelegate.swift in Sources */,
				E41F8BC22A39A2510077379B /* Fonts.swift in Sources */,
				E41F8B982A31F3950077379B /* ConverterViewController.swift in Sources */,
			);
			runOnlyForDeploymentPostprocessing = 0;
		};
/* End PBXSourcesBuildPhase section */

/* Begin PBXVariantGroup section */
		E41F8B7C2A31F1790077379B /* Main.storyboard */ = {
			isa = PBXVariantGroup;
			children = (
				E41F8B7D2A31F1790077379B /* Base */,
			);
			name = Main.storyboard;
			sourceTree = "<group>";
		};
		E41F8B812A31F17A0077379B /* LaunchScreen.storyboard */ = {
			isa = PBXVariantGroup;
			children = (
				E41F8B822A31F17A0077379B /* Base */,
			);
			name = LaunchScreen.storyboard;
			sourceTree = "<group>";
		};
/* End PBXVariantGroup section */

/* Begin XCBuildConfiguration section */
		E41F8B852A31F17A0077379B /* Debug */ = {
			isa = XCBuildConfiguration;
			buildSettings = {
				ALWAYS_SEARCH_USER_PATHS = NO;
				CLANG_ANALYZER_NONNULL = YES;
				CLANG_ANALYZER_NUMBER_OBJECT_CONVERSION = YES_AGGRESSIVE;
				CLANG_CXX_LANGUAGE_STANDARD = "gnu++20";
				CLANG_ENABLE_MODULES = YES;
				CLANG_ENABLE_OBJC_ARC = YES;
				CLANG_ENABLE_OBJC_WEAK = YES;
				CLANG_WARN_BLOCK_CAPTURE_AUTORELEASING = YES;
				CLANG_WARN_BOOL_CONVERSION = YES;
				CLANG_WARN_COMMA = YES;
				CLANG_WARN_CONSTANT_CONVERSION = YES;
				CLANG_WARN_DEPRECATED_OBJC_IMPLEMENTATIONS = YES;
				CLANG_WARN_DIRECT_OBJC_ISA_USAGE = YES_ERROR;
				CLANG_WARN_DOCUMENTATION_COMMENTS = YES;
				CLANG_WARN_EMPTY_BODY = YES;
				CLANG_WARN_ENUM_CONVERSION = YES;
				CLANG_WARN_INFINITE_RECURSION = YES;
				CLANG_WARN_INT_CONVERSION = YES;
				CLANG_WARN_NON_LITERAL_NULL_CONVERSION = YES;
				CLANG_WARN_OBJC_IMPLICIT_RETAIN_SELF = YES;
				CLANG_WARN_OBJC_LITERAL_CONVERSION = YES;
				CLANG_WARN_OBJC_ROOT_CLASS = YES_ERROR;
				CLANG_WARN_QUOTED_INCLUDE_IN_FRAMEWORK_HEADER = YES;
				CLANG_WARN_RANGE_LOOP_ANALYSIS = YES;
				CLANG_WARN_STRICT_PROTOTYPES = YES;
				CLANG_WARN_SUSPICIOUS_MOVE = YES;
				CLANG_WARN_UNGUARDED_AVAILABILITY = YES_AGGRESSIVE;
				CLANG_WARN_UNREACHABLE_CODE = YES;
				CLANG_WARN__DUPLICATE_METHOD_MATCH = YES;
				COPY_PHASE_STRIP = NO;
				DEBUG_INFORMATION_FORMAT = dwarf;
				ENABLE_STRICT_OBJC_MSGSEND = YES;
				ENABLE_TESTABILITY = YES;
				GCC_C_LANGUAGE_STANDARD = gnu11;
				GCC_DYNAMIC_NO_PIC = NO;
				GCC_NO_COMMON_BLOCKS = YES;
				GCC_OPTIMIZATION_LEVEL = 0;
				GCC_PREPROCESSOR_DEFINITIONS = (
					"DEBUG=1",
					"$(inherited)",
				);
				GCC_WARN_64_TO_32_BIT_CONVERSION = YES;
				GCC_WARN_ABOUT_RETURN_TYPE = YES_ERROR;
				GCC_WARN_UNDECLARED_SELECTOR = YES;
				GCC_WARN_UNINITIALIZED_AUTOS = YES_AGGRESSIVE;
				GCC_WARN_UNUSED_FUNCTION = YES;
				GCC_WARN_UNUSED_VARIABLE = YES;
				IPHONEOS_DEPLOYMENT_TARGET = 16.4;
				MTL_ENABLE_DEBUG_INFO = INCLUDE_SOURCE;
				MTL_FAST_MATH = YES;
				ONLY_ACTIVE_ARCH = YES;
				SDKROOT = iphoneos;
				SWIFT_ACTIVE_COMPILATION_CONDITIONS = DEBUG;
				SWIFT_OPTIMIZATION_LEVEL = "-Onone";
			};
			name = Debug;
		};
		E41F8B862A31F17A0077379B /* Release */ = {
			isa = XCBuildConfiguration;
			buildSettings = {
				ALWAYS_SEARCH_USER_PATHS = NO;
				CLANG_ANALYZER_NONNULL = YES;
				CLANG_ANALYZER_NUMBER_OBJECT_CONVERSION = YES_AGGRESSIVE;
				CLANG_CXX_LANGUAGE_STANDARD = "gnu++20";
				CLANG_ENABLE_MODULES = YES;
				CLANG_ENABLE_OBJC_ARC = YES;
				CLANG_ENABLE_OBJC_WEAK = YES;
				CLANG_WARN_BLOCK_CAPTURE_AUTORELEASING = YES;
				CLANG_WARN_BOOL_CONVERSION = YES;
				CLANG_WARN_COMMA = YES;
				CLANG_WARN_CONSTANT_CONVERSION = YES;
				CLANG_WARN_DEPRECATED_OBJC_IMPLEMENTATIONS = YES;
				CLANG_WARN_DIRECT_OBJC_ISA_USAGE = YES_ERROR;
				CLANG_WARN_DOCUMENTATION_COMMENTS = YES;
				CLANG_WARN_EMPTY_BODY = YES;
				CLANG_WARN_ENUM_CONVERSION = YES;
				CLANG_WARN_INFINITE_RECURSION = YES;
				CLANG_WARN_INT_CONVERSION = YES;
				CLANG_WARN_NON_LITERAL_NULL_CONVERSION = YES;
				CLANG_WARN_OBJC_IMPLICIT_RETAIN_SELF = YES;
				CLANG_WARN_OBJC_LITERAL_CONVERSION = YES;
				CLANG_WARN_OBJC_ROOT_CLASS = YES_ERROR;
				CLANG_WARN_QUOTED_INCLUDE_IN_FRAMEWORK_HEADER = YES;
				CLANG_WARN_RANGE_LOOP_ANALYSIS = YES;
				CLANG_WARN_STRICT_PROTOTYPES = YES;
				CLANG_WARN_SUSPICIOUS_MOVE = YES;
				CLANG_WARN_UNGUARDED_AVAILABILITY = YES_AGGRESSIVE;
				CLANG_WARN_UNREACHABLE_CODE = YES;
				CLANG_WARN__DUPLICATE_METHOD_MATCH = YES;
				COPY_PHASE_STRIP = NO;
				DEBUG_INFORMATION_FORMAT = "dwarf-with-dsym";
				ENABLE_NS_ASSERTIONS = NO;
				ENABLE_STRICT_OBJC_MSGSEND = YES;
				GCC_C_LANGUAGE_STANDARD = gnu11;
				GCC_NO_COMMON_BLOCKS = YES;
				GCC_WARN_64_TO_32_BIT_CONVERSION = YES;
				GCC_WARN_ABOUT_RETURN_TYPE = YES_ERROR;
				GCC_WARN_UNDECLARED_SELECTOR = YES;
				GCC_WARN_UNINITIALIZED_AUTOS = YES_AGGRESSIVE;
				GCC_WARN_UNUSED_FUNCTION = YES;
				GCC_WARN_UNUSED_VARIABLE = YES;
				IPHONEOS_DEPLOYMENT_TARGET = 16.4;
				MTL_ENABLE_DEBUG_INFO = NO;
				MTL_FAST_MATH = YES;
				SDKROOT = iphoneos;
				SWIFT_COMPILATION_MODE = wholemodule;
				SWIFT_OPTIMIZATION_LEVEL = "-O";
				VALIDATE_PRODUCT = YES;
			};
			name = Release;
		};
		E41F8B882A31F17A0077379B /* Debug */ = {
			isa = XCBuildConfiguration;
			baseConfigurationReference = 4F314229C2B5303206F7ED34 /* Pods-Converter.debug.xcconfig */;
			buildSettings = {
				ASSETCATALOG_COMPILER_APPICON_NAME = AppIcon;
				ASSETCATALOG_COMPILER_GLOBAL_ACCENT_COLOR_NAME = AccentColor;
				CODE_SIGN_STYLE = Automatic;
				CURRENT_PROJECT_VERSION = 1;
				GENERATE_INFOPLIST_FILE = YES;
				INFOPLIST_FILE = Converter/Info.plist;
				INFOPLIST_KEY_UIApplicationSupportsIndirectInputEvents = YES;
				INFOPLIST_KEY_UILaunchStoryboardName = LaunchScreen;
				INFOPLIST_KEY_UIMainStoryboardFile = Main;
				INFOPLIST_KEY_UISupportedInterfaceOrientations_iPad = "UIInterfaceOrientationPortrait UIInterfaceOrientationPortraitUpsideDown UIInterfaceOrientationLandscapeLeft UIInterfaceOrientationLandscapeRight";
				INFOPLIST_KEY_UISupportedInterfaceOrientations_iPhone = "UIInterfaceOrientationPortrait UIInterfaceOrientationLandscapeLeft UIInterfaceOrientationLandscapeRight";
				LD_RUNPATH_SEARCH_PATHS = (
					"$(inherited)",
					"@executable_path/Frameworks",
				);
				MARKETING_VERSION = 1.0;
				PRODUCT_BUNDLE_IDENTIFIER = com.example.Converter;
				PRODUCT_NAME = "$(TARGET_NAME)";
				SWIFT_EMIT_LOC_STRINGS = YES;
				SWIFT_VERSION = 5.0;
				TARGETED_DEVICE_FAMILY = "1,2";
			};
			name = Debug;
		};
		E41F8B892A31F17A0077379B /* Release */ = {
			isa = XCBuildConfiguration;
			baseConfigurationReference = 8F0A031B704AB361B60A8F0E /* Pods-Converter.release.xcconfig */;
			buildSettings = {
				ASSETCATALOG_COMPILER_APPICON_NAME = AppIcon;
				ASSETCATALOG_COMPILER_GLOBAL_ACCENT_COLOR_NAME = AccentColor;
				CODE_SIGN_STYLE = Automatic;
				CURRENT_PROJECT_VERSION = 1;
				GENERATE_INFOPLIST_FILE = YES;
				INFOPLIST_FILE = Converter/Info.plist;
				INFOPLIST_KEY_UIApplicationSupportsIndirectInputEvents = YES;
				INFOPLIST_KEY_UILaunchStoryboardName = LaunchScreen;
				INFOPLIST_KEY_UIMainStoryboardFile = Main;
				INFOPLIST_KEY_UISupportedInterfaceOrientations_iPad = "UIInterfaceOrientationPortrait UIInterfaceOrientationPortraitUpsideDown UIInterfaceOrientationLandscapeLeft UIInterfaceOrientationLandscapeRight";
				INFOPLIST_KEY_UISupportedInterfaceOrientations_iPhone = "UIInterfaceOrientationPortrait UIInterfaceOrientationLandscapeLeft UIInterfaceOrientationLandscapeRight";
				LD_RUNPATH_SEARCH_PATHS = (
					"$(inherited)",
					"@executable_path/Frameworks",
				);
				MARKETING_VERSION = 1.0;
				PRODUCT_BUNDLE_IDENTIFIER = com.example.Converter;
				PRODUCT_NAME = "$(TARGET_NAME)";
				SWIFT_EMIT_LOC_STRINGS = YES;
				SWIFT_VERSION = 5.0;
				TARGETED_DEVICE_FAMILY = "1,2";
			};
			name = Release;
		};
/* End XCBuildConfiguration section */

/* Begin XCConfigurationList section */
		E41F8B6E2A31F1790077379B /* Build configuration list for PBXProject "Converter" */ = {
			isa = XCConfigurationList;
			buildConfigurations = (
				E41F8B852A31F17A0077379B /* Debug */,
				E41F8B862A31F17A0077379B /* Release */,
			);
			defaultConfigurationIsVisible = 0;
			defaultConfigurationName = Release;
		};
		E41F8B872A31F17A0077379B /* Build configuration list for PBXNativeTarget "Converter" */ = {
			isa = XCConfigurationList;
			buildConfigurations = (
				E41F8B882A31F17A0077379B /* Debug */,
				E41F8B892A31F17A0077379B /* Release */,
			);
			defaultConfigurationIsVisible = 0;
			defaultConfigurationName = Release;
		};
/* End XCConfigurationList section */
	};
	rootObject = E41F8B6B2A31F1790077379B /* Project object */;
}
